
Microsoft Visual Studio Solution File, Format Version 12.00
# Visual Studio Version 17
VisualStudioVersion = 17.14.36616.10 d17.14
MinimumVisualStudioVersion = 10.0.40219.1
Project("{8BC9CEB8-8B4A-11D0-8D11-00A0C91BC942}") = "Playlist System", "Playlist System\Playlist System.vcxproj", "{B40E25BF-DAEA-43C4-A191-7FA670821478}"
EndProject
Global
	GlobalSection(SolutionConfigurationPlatforms) = preSolution
		Debug|x64 = Debug|x64
		Debug|x86 = Debug|x86
		Release|x64 = Release|x64
		Release|x86 = Release|x86
	EndGlobalSection
	GlobalSection(ProjectConfigurationPlatforms) = postSolution
		{B40E25BF-DAEA-43C4-A191-7FA670821478}.Debug|x64.ActiveCfg = Debug|x64
		{B40E25BF-DAEA-43C4-A191-7FA670821478}.Debug|x64.Build.0 = Debug|x64
		{B40E25BF-DAEA-43C4-A191-7FA670821478}.Debug|x86.ActiveCfg = Debug|Win32
		{B40E25BF-DAEA-43C4-A191-7FA670821478}.Debug|x86.Build.0 = Debug|Win32
		{B40E25BF-DAEA-43C4-A191-7FA670821478}.Release|x64.ActiveCfg = Release|x64
		{B40E25BF-DAEA-43C4-A191-7FA670821478}.Release|x64.Build.0 = Release|x64
		{B40E25BF-DAEA-43C4-A191-7FA670821478}.Release|x86.ActiveCfg = Release|Win32
		{B40E25BF-DAEA-43C4-A191-7FA670821478}.Release|x86.Build.0 = Release|Win32
	EndGlobalSection
	GlobalSection(SolutionProperties) = preSolution
		HideSolutionNode = FALSE
	EndGlobalSection
	GlobalSection(ExtensibilityGlobals) = postSolution
		SolutionGuid = {1A117658-1C3F-48D1-A9EA-3E77D0BA610E}
	EndGlobalSection
EndGlobal
